
Microsoft Visual Studio Solution File, Format Version 12.00
# Visual Studio Version 17
VisualStudioVersion = 17.0.31912.275
MinimumVisualStudioVersion = 10.0.40219.1
Project("{9A19103F-16F7-4668-BE54-9A1E7A4F7556}") = "Nord-X-WebApp", "Nord-X-WebApp\Nord-X-WebApp.csproj", "{89EAA3AC-2E81-476B-AFA0-4EBC4E58469E}"
EndProject
Project("{FAE04EC0-301F-11D3-BF4B-00C04F79EFBC}") = "Nord-X-UnicontaConnect", "Nord-X-UnicontaConnect\Nord-X-UnicontaConnect.csproj", "{423184BB-6B3A-4C32-83C2-17B57CB7E583}"
EndProject
Project("{FAE04EC0-301F-11D3-BF4B-00C04F79EFBC}") = "CVRCore", "CVRCore\CVRCore.csproj", "{0EE727E3-2F87-409C-A1DA-5E2282C35D39}"
EndProject
Global
	GlobalSection(SolutionConfigurationPlatforms) = preSolution
		Debug|Any CPU = Debug|Any CPU
		Release|Any CPU = Release|Any CPU
	EndGlobalSection
	GlobalSection(ProjectConfigurationPlatforms) = postSolution
		{89EAA3AC-2E81-476B-AFA0-4EBC4E58469E}.Debug|Any CPU.ActiveCfg = Debug|Any CPU
		{89EAA3AC-2E81-476B-AFA0-4EBC4E58469E}.Debug|Any CPU.Build.0 = Debug|Any CPU
		{89EAA3AC-2E81-476B-AFA0-4EBC4E58469E}.Release|Any CPU.ActiveCfg = Release|Any CPU
		{89EAA3AC-2E81-476B-AFA0-4EBC4E58469E}.Release|Any CPU.Build.0 = Release|Any CPU
		{423184BB-6B3A-4C32-83C2-17B57CB7E583}.Debug|Any CPU.ActiveCfg = Debug|Any CPU
		{423184BB-6B3A-4C32-83C2-17B57CB7E583}.Debug|Any CPU.Build.0 = Debug|Any CPU
		{423184BB-6B3A-4C32-83C2-17B57CB7E583}.Release|Any CPU.ActiveCfg = Release|Any CPU
		{423184BB-6B3A-4C32-83C2-17B57CB7E583}.Release|Any CPU.Build.0 = Release|Any CPU
		{0EE727E3-2F87-409C-A1DA-5E2282C35D39}.Debug|Any CPU.ActiveCfg = Debug|Any CPU
		{0EE727E3-2F87-409C-A1DA-5E2282C35D39}.Debug|Any CPU.Build.0 = Debug|Any CPU
		{0EE727E3-2F87-409C-A1DA-5E2282C35D39}.Release|Any CPU.ActiveCfg = Release|Any CPU
		{0EE727E3-2F87-409C-A1DA-5E2282C35D39}.Release|Any CPU.Build.0 = Release|Any CPU
	EndGlobalSection
	GlobalSection(SolutionProperties) = preSolution
		HideSolutionNode = FALSE
	EndGlobalSection
	GlobalSection(ExtensibilityGlobals) = postSolution
		SolutionGuid = {1F8C1E4E-C4A0-45D4-AE82-68470A54D10C}
	EndGlobalSection
EndGlobal
